// !$*UTF8*$!
{
	archiveVersion = 1;
	classes = {
	};
	objectVersion = 46;
	objects = {

/* Begin PBXBuildFile section */
		9546D3264083266A1B13BCED /* main.m in Sources */ = {isa = PBXBuildFile; fileRef = 9546DE79550B8B1C748343CB /* main.m */; };
		9546D51A95DE8D2C94511E6E /* AppDelegate.m in Sources */ = {isa = PBXBuildFile; fileRef = 9546D24E333B97898E00A5B5 /* AppDelegate.m */; };
		9546DA6A90ECD12E6E490F5E /* ViewController.mm in Sources */ = {isa = PBXBuildFile; fileRef = 9546D6FAFD4395DD6BA6444D /* ViewController.mm */; };
		9546DAE2C98E9B150DCA3334 /* Main.storyboard in Resources */ = {isa = PBXBuildFile; fileRef = 9546DDAF1AEBFB79E4F341DE /* Main.storyboard */; };
		9546DC04336703F4B05225D7 /* Assets.xcassets in Resources */ = {isa = PBXBuildFile; fileRef = 9546D04CE5BFF685E7F12E64 /* Assets.xcassets */; };
		9546DD05BEE06598C1E89C7D /* LaunchScreen.storyboard in Resources */ = {isa = PBXBuildFile; fileRef = 9546DAEC17500D141C220B32 /* LaunchScreen.storyboard */; };
		B60483051CD3594A00ACE937 /* AssetsLibrary.framework in Frameworks */ = {isa = PBXBuildFile; fileRef = B6E9D0071CD3526C00998C55 /* AssetsLibrary.framework */; };
		B60483061CD3595200ACE937 /* CoreGraphics.framework in Frameworks */ = {isa = PBXBuildFile; fileRef = B6E9D0091CD3527500998C55 /* CoreGraphics.framework */; };
		B60483071CD3595D00ACE937 /* Foundation.framework in Frameworks */ = {isa = PBXBuildFile; fileRef = B6E9D00B1CD3527E00998C55 /* Foundation.framework */; };
		B60483081CD3596400ACE937 /* UIKit.framework in Frameworks */ = {isa = PBXBuildFile; fileRef = B6E9D00D1CD3529D00998C55 /* UIKit.framework */; };
		B604830E1CD390F100ACE937 /* OpencvContourDetector.mm in Sources */ = {isa = PBXBuildFile; fileRef = B604830B1CD390F100ACE937 /* OpencvContourDetector.mm */; };
		B604830F1CD390F100ACE937 /* OpencvContourDetector.mm in Sources */ = {isa = PBXBuildFile; fileRef = B604830B1CD390F100ACE937 /* OpencvContourDetector.mm */; };
		B60483101CD390F100ACE937 /* OpencvConverter.mm in Sources */ = {isa = PBXBuildFile; fileRef = B604830D1CD390F100ACE937 /* OpencvConverter.mm */; };
		B60483111CD390F100ACE937 /* OpencvConverter.mm in Sources */ = {isa = PBXBuildFile; fileRef = B604830D1CD390F100ACE937 /* OpencvConverter.mm */; };
		B60483131CD3989E00ACE937 /* TriangleDetectionCleanBackground.mm in Sources */ = {isa = PBXBuildFile; fileRef = B60483121CD3989E00ACE937 /* TriangleDetectionCleanBackground.mm */; };
		B60483151CD3999E00ACE937 /* TriangleDetectionLigthBackground.mm in Sources */ = {isa = PBXBuildFile; fileRef = B60483141CD3999E00ACE937 /* TriangleDetectionLigthBackground.mm */; };
		B6E9D0031CD34BDF00998C55 /* triangle_hands1.jpg in Resources */ = {isa = PBXBuildFile; fileRef = B6E9D0011CD34BDF00998C55 /* triangle_hands1.jpg */; };
		B6E9D0041CD34BDF00998C55 /* triangle_hands1.jpg in Resources */ = {isa = PBXBuildFile; fileRef = B6E9D0011CD34BDF00998C55 /* triangle_hands1.jpg */; };
		B6E9D0051CD34BDF00998C55 /* triangle_hands2.jpg in Resources */ = {isa = PBXBuildFile; fileRef = B6E9D0021CD34BDF00998C55 /* triangle_hands2.jpg */; };
		B6E9D0061CD34BDF00998C55 /* triangle_hands2.jpg in Resources */ = {isa = PBXBuildFile; fileRef = B6E9D0021CD34BDF00998C55 /* triangle_hands2.jpg */; };
		B6E9D0081CD3526C00998C55 /* AssetsLibrary.framework in Frameworks */ = {isa = PBXBuildFile; fileRef = B6E9D0071CD3526C00998C55 /* AssetsLibrary.framework */; };
		B6E9D00A1CD3527500998C55 /* CoreGraphics.framework in Frameworks */ = {isa = PBXBuildFile; fileRef = B6E9D0091CD3527500998C55 /* CoreGraphics.framework */; };
		B6E9D00C1CD3527E00998C55 /* Foundation.framework in Frameworks */ = {isa = PBXBuildFile; fileRef = B6E9D00B1CD3527E00998C55 /* Foundation.framework */; };
		B6E9D00E1CD3529D00998C55 /* UIKit.framework in Frameworks */ = {isa = PBXBuildFile; fileRef = B6E9D00D1CD3529D00998C55 /* UIKit.framework */; };
		B6E9D0101CD352D800998C55 /* opencv2.framework in Frameworks */ = {isa = PBXBuildFile; fileRef = B6E9D00F1CD352D800998C55 /* opencv2.framework */; };
		B6E9D0111CD352D800998C55 /* opencv2.framework in Frameworks */ = {isa = PBXBuildFile; fileRef = B6E9D00F1CD352D800998C55 /* opencv2.framework */; };
/* End PBXBuildFile section */

/* Begin PBXContainerItemProxy section */
		9546D0D36A019FF8D4C3DFDA /* PBXContainerItemProxy */ = {
			isa = PBXContainerItemProxy;
			containerPortal = 9546D459A0C85A8A8F29757D /* Project object */;
			proxyType = 1;
			remoteGlobalIDString = 9546DEC16FA79452C7E618BA;
			remoteInfo = OpenCV_RealTimeTriangleDetection;
		};
/* End PBXContainerItemProxy section */

/* Begin PBXFileReference section */
		9546D04CE5BFF685E7F12E64 /* Assets.xcassets */ = {isa = PBXFileReference; lastKnownFileType = folder.assetcatalog; path = Assets.xcassets; sourceTree = "<group>"; };
		9546D2241E0A3941A005AC23 /* Base */ = {isa = PBXFileReference; lastKnownFileType = file.storyboard; name = Base; path = Base.lproj/Main.storyboard; sourceTree = "<group>"; };
		9546D24E333B97898E00A5B5 /* AppDelegate.m */ = {isa = PBXFileReference; lastKnownFileType = sourcecode.c.objc; path = AppDelegate.m; sourceTree = "<group>"; };
		9546D4FC4C357CF7FDD551C6 /* ViewController.h */ = {isa = PBXFileReference; lastKnownFileType = sourcecode.c.h; path = ViewController.h; sourceTree = "<group>"; };
		9546D6FAFD4395DD6BA6444D /* ViewController.mm */ = {isa = PBXFileReference; lastKnownFileType = sourcecode.cpp.objcpp; path = ViewController.mm; sourceTree = "<group>"; };
		9546D87A0B9C44EF19EB6E51 /* OpenCV_RealTimeTriangleDetection.app */ = {isa = PBXFileReference; explicitFileType = wrapper.application; includeInIndex = 0; path = OpenCV_RealTimeTriangleDetection.app; sourceTree = BUILT_PRODUCTS_DIR; };
		9546D9850F0BA294F94695FF /* Info.plist */ = {isa = PBXFileReference; lastKnownFileType = text.plist.info; path = Info.plist; sourceTree = "<group>"; };
		9546DB4B5E8B10AE0537CC1A /* Base */ = {isa = PBXFileReference; lastKnownFileType = file.storyboard; name = Base; path = Base.lproj/LaunchScreen.storyboard; sourceTree = "<group>"; };
		9546DBE3A10EDF7AC4D1F989 /* Info.plist */ = {isa = PBXFileReference; lastKnownFileType = text.plist.info; path = Info.plist; sourceTree = "<group>"; };
		9546DC88B5C49C8608440B0F /* AppDelegate.h */ = {isa = PBXFileReference; lastKnownFileType = sourcecode.c.h; path = AppDelegate.h; sourceTree = "<group>"; };
		9546DD86DE9F5A9F82582664 /* OpenCV_RealTimeTriangleDetectionTests.xctest */ = {isa = PBXFileReference; explicitFileType = wrapper.cfbundle; includeInIndex = 0; path = OpenCV_RealTimeTriangleDetectionTests.xctest; sourceTree = BUILT_PRODUCTS_DIR; };
		9546DE79550B8B1C748343CB /* main.m */ = {isa = PBXFileReference; lastKnownFileType = sourcecode.c.objc; path = main.m; sourceTree = "<group>"; };
		B604830A1CD390F100ACE937 /* OpencvContourDetector.h */ = {isa = PBXFileReference; fileEncoding = 4; lastKnownFileType = sourcecode.c.h; path = OpencvContourDetector.h; sourceTree = "<group>"; };
		B604830B1CD390F100ACE937 /* OpencvContourDetector.mm */ = {isa = PBXFileReference; fileEncoding = 4; lastKnownFileType = sourcecode.cpp.objcpp; path = OpencvContourDetector.mm; sourceTree = "<group>"; };
		B604830C1CD390F100ACE937 /* OpencvConverter.h */ = {isa = PBXFileReference; fileEncoding = 4; lastKnownFileType = sourcecode.c.h; path = OpencvConverter.h; sourceTree = "<group>"; };
		B604830D1CD390F100ACE937 /* OpencvConverter.mm */ = {isa = PBXFileReference; fileEncoding = 4; lastKnownFileType = sourcecode.cpp.objcpp; path = OpencvConverter.mm; sourceTree = "<group>"; };
		B60483121CD3989E00ACE937 /* TriangleDetectionCleanBackground.mm */ = {isa = PBXFileReference; fileEncoding = 4; lastKnownFileType = sourcecode.cpp.objcpp; path = TriangleDetectionCleanBackground.mm; sourceTree = "<group>"; };
		B60483141CD3999E00ACE937 /* TriangleDetectionLigthBackground.mm */ = {isa = PBXFileReference; fileEncoding = 4; lastKnownFileType = sourcecode.cpp.objcpp; path = TriangleDetectionLigthBackground.mm; sourceTree = "<group>"; };
		B6E9D0011CD34BDF00998C55 /* triangle_hands1.jpg */ = {isa = PBXFileReference; lastKnownFileType = image.jpeg; path = triangle_hands1.jpg; sourceTree = "<group>"; };
		B6E9D0021CD34BDF00998C55 /* triangle_hands2.jpg */ = {isa = PBXFileReference; lastKnownFileType = image.jpeg; path = triangle_hands2.jpg; sourceTree = "<group>"; };
		B6E9D0071CD3526C00998C55 /* AssetsLibrary.framework */ = {isa = PBXFileReference; lastKnownFileType = wrapper.framework; name = AssetsLibrary.framework; path = System/Library/Frameworks/AssetsLibrary.framework; sourceTree = SDKROOT; };
		B6E9D0091CD3527500998C55 /* CoreGraphics.framework */ = {isa = PBXFileReference; lastKnownFileType = wrapper.framework; name = CoreGraphics.framework; path = System/Library/Frameworks/CoreGraphics.framework; sourceTree = SDKROOT; };
		B6E9D00B1CD3527E00998C55 /* Foundation.framework */ = {isa = PBXFileReference; lastKnownFileType = wrapper.framework; name = Foundation.framework; path = System/Library/Frameworks/Foundation.framework; sourceTree = SDKROOT; };
		B6E9D00D1CD3529D00998C55 /* UIKit.framework */ = {isa = PBXFileReference; lastKnownFileType = wrapper.framework; name = UIKit.framework; path = System/Library/Frameworks/UIKit.framework; sourceTree = SDKROOT; };
		B6E9D00F1CD352D800998C55 /* opencv2.framework */ = {isa = PBXFileReference; lastKnownFileType = wrapper.framework; path = opencv2.framework; sourceTree = "<group>"; };
/* End PBXFileReference section */

/* Begin PBXFrameworksBuildPhase section */
		9546D351AF25DA7350057BCA /* Frameworks */ = {
			isa = PBXFrameworksBuildPhase;
			buildActionMask = 2147483647;
			files = (
				B6E9D00E1CD3529D00998C55 /* UIKit.framework in Frameworks */,
				B6E9D00C1CD3527E00998C55 /* Foundation.framework in Frameworks */,
				B6E9D00A1CD3527500998C55 /* CoreGraphics.framework in Frameworks */,
				B6E9D0101CD352D800998C55 /* opencv2.framework in Frameworks */,
				B6E9D0081CD3526C00998C55 /* AssetsLibrary.framework in Frameworks */,
			);
			runOnlyForDeploymentPostprocessing = 0;
		};
		9546DF698F4F105231D7B191 /* Frameworks */ = {
			isa = PBXFrameworksBuildPhase;
			buildActionMask = 2147483647;
			files = (
				B60483081CD3596400ACE937 /* UIKit.framework in Frameworks */,
				B60483071CD3595D00ACE937 /* Foundation.framework in Frameworks */,
				B60483061CD3595200ACE937 /* CoreGraphics.framework in Frameworks */,
				B60483051CD3594A00ACE937 /* AssetsLibrary.framework in Frameworks */,
				B6E9D0111CD352D800998C55 /* opencv2.framework in Frameworks */,
			);
			runOnlyForDeploymentPostprocessing = 0;
		};
/* End PBXFrameworksBuildPhase section */

/* Begin PBXGroup section */
		9546D36EA494C0B23EA6629F /* OpenCV_RealTimeTriangleDetection */ = {
			isa = PBXGroup;
			children = (
				9546D9850F0BA294F94695FF /* Info.plist */,
				9546D04CE5BFF685E7F12E64 /* Assets.xcassets */,
				9546DAEC17500D141C220B32 /* LaunchScreen.storyboard */,
				9546DEAA58AF1AEBB877C440 /* Supporting Files */,
				9546DC88B5C49C8608440B0F /* AppDelegate.h */,
				9546D24E333B97898E00A5B5 /* AppDelegate.m */,
				9546DDAF1AEBFB79E4F341DE /* Main.storyboard */,
				9546D4FC4C357CF7FDD551C6 /* ViewController.h */,
				9546D6FAFD4395DD6BA6444D /* ViewController.mm */,
			);
			path = OpenCV_RealTimeTriangleDetection;
			sourceTree = "<group>";
		};
		9546DEAA58AF1AEBB877C440 /* Supporting Files */ = {
			isa = PBXGroup;
			children = (
				9546DE79550B8B1C748343CB /* main.m */,
				B6E9D0011CD34BDF00998C55 /* triangle_hands1.jpg */,
				B6E9D0021CD34BDF00998C55 /* triangle_hands2.jpg */,
			);
			name = "Supporting Files";
			sourceTree = "<group>";
		};
		9546DEBFC254A2EA2739D221 = {
			isa = PBXGroup;
			children = (
				B60483091CD390F100ACE937 /* Lib */,
				B6E9D00F1CD352D800998C55 /* opencv2.framework */,
				B6E9D00D1CD3529D00998C55 /* UIKit.framework */,
				B6E9D00B1CD3527E00998C55 /* Foundation.framework */,
				B6E9D0091CD3527500998C55 /* CoreGraphics.framework */,
				B6E9D0071CD3526C00998C55 /* AssetsLibrary.framework */,
				9546DECF732A6C370185A279 /* Products */,
				9546D36EA494C0B23EA6629F /* OpenCV_RealTimeTriangleDetection */,
				9546DF227DFBC4D318803C31 /* OpenCV_RealTimeTriangleDetectionTests */,
			);
			sourceTree = "<group>";
		};
		9546DECF732A6C370185A279 /* Products */ = {
			isa = PBXGroup;
			children = (
				9546D87A0B9C44EF19EB6E51 /* OpenCV_RealTimeTriangleDetection.app */,
				9546DD86DE9F5A9F82582664 /* OpenCV_RealTimeTriangleDetectionTests.xctest */,
			);
			name = Products;
			sourceTree = "<group>";
		};
		9546DF227DFBC4D318803C31 /* OpenCV_RealTimeTriangleDetectionTests */ = {
			isa = PBXGroup;
			children = (
				9546DBE3A10EDF7AC4D1F989 /* Info.plist */,
				B60483121CD3989E00ACE937 /* TriangleDetectionCleanBackground.mm */,
				B60483141CD3999E00ACE937 /* TriangleDetectionLigthBackground.mm */,
			);
			path = OpenCV_RealTimeTriangleDetectionTests;
			sourceTree = "<group>";
		};
		B60483091CD390F100ACE937 /* Lib */ = {
			isa = PBXGroup;
			children = (
				B604830A1CD390F100ACE937 /* OpencvContourDetector.h */,
				B604830B1CD390F100ACE937 /* OpencvContourDetector.mm */,
				B604830C1CD390F100ACE937 /* OpencvConverter.h */,
				B604830D1CD390F100ACE937 /* OpencvConverter.mm */,
			);
			path = Lib;
			sourceTree = "<group>";
		};
/* End PBXGroup section */

/* Begin PBXNativeTarget section */
		9546DB848AD1BBA0A4DCFCBA /* OpenCV_RealTimeTriangleDetectionTests */ = {
			isa = PBXNativeTarget;
			buildConfigurationList = 9546DF82BB0F5B3FE09216D1 /* Build configuration list for PBXNativeTarget "OpenCV_RealTimeTriangleDetectionTests" */;
			buildPhases = (
				9546D75770979E11955AB3F7 /* Sources */,
				9546DF698F4F105231D7B191 /* Frameworks */,
				9546DDB0FE4A5AC0C97618DC /* Resources */,
			);
			buildRules = (
			);
			dependencies = (
				9546D87777DD4C7D483936E8 /* PBXTargetDependency */,
			);
			name = OpenCV_RealTimeTriangleDetectionTests;
			productName = OpenCV_RealTimeTriangleDetectionTests;
			productReference = 9546DD86DE9F5A9F82582664 /* OpenCV_RealTimeTriangleDetectionTests.xctest */;
			productType = "com.apple.product-type.bundle.unit-test";
		};
		9546DEC16FA79452C7E618BA /* OpenCV_RealTimeTriangleDetection */ = {
			isa = PBXNativeTarget;
			buildConfigurationList = 9546DEBD7CC5606FF1FCD7AA /* Build configuration list for PBXNativeTarget "OpenCV_RealTimeTriangleDetection" */;
			buildPhases = (
				9546DBBF2510EB28F4FDBEBA /* Sources */,
				9546D351AF25DA7350057BCA /* Frameworks */,
				9546D411F1AEAAA693926F99 /* Resources */,
			);
			buildRules = (
			);
			dependencies = (
			);
			name = OpenCV_RealTimeTriangleDetection;
			productName = OpenCV_RealTimeTriangleDetection;
			productReference = 9546D87A0B9C44EF19EB6E51 /* OpenCV_RealTimeTriangleDetection.app */;
			productType = "com.apple.product-type.application";
		};
/* End PBXNativeTarget section */

/* Begin PBXProject section */
		9546D459A0C85A8A8F29757D /* Project object */ = {
			isa = PBXProject;
			attributes = {
				LastUpgradeCheck = 0730;
				ORGANIZATIONNAME = "___FULLUSERNAME___";
			};
			buildConfigurationList = 9546DE7B83D8B0BD94D42A51 /* Build configuration list for PBXProject "OpenCV_RealTimeTriangleDetection" */;
			compatibilityVersion = "Xcode 3.2";
			developmentRegion = English;
			hasScannedForEncodings = 0;
			knownRegions = (
				en,
			);
			mainGroup = 9546DEBFC254A2EA2739D221;
			productRefGroup = 9546DECF732A6C370185A279 /* Products */;
			projectDirPath = "";
			projectRoot = "";
			targets = (
				9546DEC16FA79452C7E618BA /* OpenCV_RealTimeTriangleDetection */,
				9546DB848AD1BBA0A4DCFCBA /* OpenCV_RealTimeTriangleDetectionTests */,
			);
		};
/* End PBXProject section */

/* Begin PBXResourcesBuildPhase section */
		9546D411F1AEAAA693926F99 /* Resources */ = {
			isa = PBXResourcesBuildPhase;
			buildActionMask = 2147483647;
			files = (
				9546DC04336703F4B05225D7 /* Assets.xcassets in Resources */,
				B6E9D0031CD34BDF00998C55 /* triangle_hands1.jpg in Resources */,
				9546DD05BEE06598C1E89C7D /* LaunchScreen.storyboard in Resources */,
				9546DAE2C98E9B150DCA3334 /* Main.storyboard in Resources */,
				B6E9D0051CD34BDF00998C55 /* triangle_hands2.jpg in Resources */,
			);
			runOnlyForDeploymentPostprocessing = 0;
		};
		9546DDB0FE4A5AC0C97618DC /* Resources */ = {
			isa = PBXResourcesBuildPhase;
			buildActionMask = 2147483647;
			files = (
				B6E9D0041CD34BDF00998C55 /* triangle_hands1.jpg in Resources */,
				B6E9D0061CD34BDF00998C55 /* triangle_hands2.jpg in Resources */,
			);
			runOnlyForDeploymentPostprocessing = 0;
		};
/* End PBXResourcesBuildPhase section */

/* Begin PBXSourcesBuildPhase section */
		9546D75770979E11955AB3F7 /* Sources */ = {
			isa = PBXSourcesBuildPhase;
			buildActionMask = 2147483647;
			files = (
				B60483131CD3989E00ACE937 /* TriangleDetectionCleanBackground.mm in Sources */,
				B60483111CD390F100ACE937 /* OpencvConverter.mm in Sources */,
				B60483151CD3999E00ACE937 /* TriangleDetectionLigthBackground.mm in Sources */,
				B604830F1CD390F100ACE937 /* OpencvContourDetector.mm in Sources */,
			);
			runOnlyForDeploymentPostprocessing = 0;
		};
		9546DBBF2510EB28F4FDBEBA /* Sources */ = {
			isa = PBXSourcesBuildPhase;
			buildActionMask = 2147483647;
			files = (
				B60483101CD390F100ACE937 /* OpencvConverter.mm in Sources */,
				9546D3264083266A1B13BCED /* main.m in Sources */,
				9546D51A95DE8D2C94511E6E /* AppDelegate.m in Sources */,
				9546DA6A90ECD12E6E490F5E /* ViewController.mm in Sources */,
				B604830E1CD390F100ACE937 /* OpencvContourDetector.mm in Sources */,
			);
			runOnlyForDeploymentPostprocessing = 0;
		};
/* End PBXSourcesBuildPhase section */

/* Begin PBXTargetDependency section */
		9546D87777DD4C7D483936E8 /* PBXTargetDependency */ = {
			isa = PBXTargetDependency;
			target = 9546DEC16FA79452C7E618BA /* OpenCV_RealTimeTriangleDetection */;
			targetProxy = 9546D0D36A019FF8D4C3DFDA /* PBXContainerItemProxy */;
		};
/* End PBXTargetDependency section */

/* Begin PBXVariantGroup section */
		9546DAEC17500D141C220B32 /* LaunchScreen.storyboard */ = {
			isa = PBXVariantGroup;
			children = (
				9546DB4B5E8B10AE0537CC1A /* Base */,
			);
			name = LaunchScreen.storyboard;
			sourceTree = "<group>";
		};
		9546DDAF1AEBFB79E4F341DE /* Main.storyboard */ = {
			isa = PBXVariantGroup;
			children = (
				9546D2241E0A3941A005AC23 /* Base */,
			);
			name = Main.storyboard;
			sourceTree = "<group>";
		};
/* End PBXVariantGroup section */

/* Begin XCBuildConfiguration section */
		9546D04C55310518EFABD7C8 /* Debug */ = {
			isa = XCBuildConfiguration;
			buildSettings = {
				ALWAYS_SEARCH_USER_PATHS = NO;
				CLANG_ANALYZER_NONNULL = YES;
				CLANG_CXX_LANGUAGE_STANDARD = "gnu++0x";
				CLANG_CXX_LIBRARY = "libc++";
				CLANG_ENABLE_MODULES = YES;
				CLANG_ENABLE_OBJC_ARC = YES;
				CLANG_WARN_BOOL_CONVERSION = YES;
				CLANG_WARN_CONSTANT_CONVERSION = YES;
				CLANG_WARN_DIRECT_OBJC_ISA_USAGE = YES_ERROR;
				CLANG_WARN_EMPTY_BODY = YES;
				CLANG_WARN_ENUM_CONVERSION = YES;
				CLANG_WARN_INT_CONVERSION = YES;
				CLANG_WARN_OBJC_ROOT_CLASS = YES_ERROR;
				CLANG_WARN_UNREACHABLE_CODE = YES;
				CLANG_WARN__DUPLICATE_METHOD_MATCH = YES;
				"CODE_SIGN_IDENTITY[sdk=iphoneos*]" = "iPhone Developer";
				COPY_PHASE_STRIP = NO;
				DEBUG_INFORMATION_FORMAT = dwarf;
				ENABLE_STRICT_OBJC_MSGSEND = YES;
				ENABLE_TESTABILITY = YES;
				GCC_C_LANGUAGE_STANDARD = gnu99;
				GCC_DYNAMIC_NO_PIC = NO;
				GCC_NO_COMMON_BLOCKS = YES;
				GCC_OPTIMIZATION_LEVEL = 0;
				GCC_PREPROCESSOR_DEFINITIONS = (
					"DEBUG=1",
					"$(inherited)",
				);
				GCC_WARN_64_TO_32_BIT_CONVERSION = YES;
				GCC_WARN_ABOUT_RETURN_TYPE = YES_ERROR;
				GCC_WARN_UNDECLARED_SELECTOR = YES;
				GCC_WARN_UNINITIALIZED_AUTOS = YES_AGGRESSIVE;
				GCC_WARN_UNUSED_FUNCTION = YES;
				GCC_WARN_UNUSED_VARIABLE = YES;
				IPHONEOS_DEPLOYMENT_TARGET = 9.3;
				MTL_ENABLE_DEBUG_INFO = YES;
				ONLY_ACTIVE_ARCH = YES;
				SDKROOT = iphoneos;
				TARGETED_DEVICE_FAMILY = "1,2";
			};
			name = Debug;
		};
		9546D19A5517D34E5D89931A /* Release */ = {
			isa = XCBuildConfiguration;
			buildSettings = {
				ALWAYS_SEARCH_USER_PATHS = NO;
				CLANG_ANALYZER_NONNULL = YES;
				CLANG_CXX_LANGUAGE_STANDARD = "gnu++0x";
				CLANG_CXX_LIBRARY = "libc++";
				CLANG_ENABLE_MODULES = YES;
				CLANG_ENABLE_OBJC_ARC = YES;
				CLANG_WARN_BOOL_CONVERSION = YES;
				CLANG_WARN_CONSTANT_CONVERSION = YES;
				CLANG_WARN_DIRECT_OBJC_ISA_USAGE = YES_ERROR;
				CLANG_WARN_EMPTY_BODY = YES;
				CLANG_WARN_ENUM_CONVERSION = YES;
				CLANG_WARN_INT_CONVERSION = YES;
				CLANG_WARN_OBJC_ROOT_CLASS = YES_ERROR;
				CLANG_WARN_UNREACHABLE_CODE = YES;
				CLANG_WARN__DUPLICATE_METHOD_MATCH = YES;
				"CODE_SIGN_IDENTITY[sdk=iphoneos*]" = "iPhone Developer";
				COPY_PHASE_STRIP = NO;
				DEBUG_INFORMATION_FORMAT = "dwarf-with-dsym";
				ENABLE_NS_ASSERTIONS = NO;
				ENABLE_STRICT_OBJC_MSGSEND = YES;
				GCC_C_LANGUAGE_STANDARD = gnu99;
				GCC_NO_COMMON_BLOCKS = YES;
				GCC_WARN_64_TO_32_BIT_CONVERSION = YES;
				GCC_WARN_ABOUT_RETURN_TYPE = YES_ERROR;
				GCC_WARN_UNDECLARED_SELECTOR = YES;
				GCC_WARN_UNINITIALIZED_AUTOS = YES_AGGRESSIVE;
				GCC_WARN_UNUSED_FUNCTION = YES;
				GCC_WARN_UNUSED_VARIABLE = YES;
				IPHONEOS_DEPLOYMENT_TARGET = 9.3;
				MTL_ENABLE_DEBUG_INFO = NO;
				SDKROOT = iphoneos;
				TARGETED_DEVICE_FAMILY = "1,2";
				VALIDATE_PRODUCT = YES;
			};
			name = Release;
		};
		9546D3B3BF61DA2F2A333767 /* Debug */ = {
			isa = XCBuildConfiguration;
			buildSettings = {
				ASSETCATALOG_COMPILER_APPICON_NAME = AppIcon;
				FRAMEWORK_SEARCH_PATHS = (
					"$(inherited)",
					"$(PROJECT_DIR)",
				);
				INFOPLIST_FILE = OpenCV_RealTimeTriangleDetection/Info.plist;
				LD_RUNPATH_SEARCH_PATHS = "$(inherited) @executable_path/Frameworks";
				PRODUCT_BUNDLE_IDENTIFIER = "fr.savaroche.kim.OpenCV-RealTimeTriangleDetection";
				PRODUCT_NAME = "$(TARGET_NAME)";
			};
			name = Debug;
		};
		9546D694D3512A723F62DD66 /* Debug */ = {
			isa = XCBuildConfiguration;
			buildSettings = {
				BUNDLE_LOADER = "$(BUILT_PRODUCTS_DIR)/OpenCV_RealTimeTriangleDetection.app/OpenCV_RealTimeTriangleDetection";
				FRAMEWORK_SEARCH_PATHS = (
					"$(inherited)",
					"$(PROJECT_DIR)",
				);
				INFOPLIST_FILE = OpenCV_RealTimeTriangleDetectionTests/Info.plist;
				LD_RUNPATH_SEARCH_PATHS = "$(inherited) @executable_path/Frameworks @loader_path/Frameworks";
				PRODUCT_BUNDLE_IDENTIFIER = "fr.savaroche.kim.OpenCV-RealTimeTriangleDetectionTests";
				PRODUCT_NAME = "$(TARGET_NAME)";
				TEST_HOST = "$(BUNDLE_LOADER)";
			};
			name = Debug;
		};
		9546D6D2293F6A2D4412A8D1 /* Release */ = {
			isa = XCBuildConfiguration;
			buildSettings = {
				ASSETCATALOG_COMPILER_APPICON_NAME = AppIcon;
				FRAMEWORK_SEARCH_PATHS = (
					"$(inherited)",
					"$(PROJECT_DIR)",
				);
				INFOPLIST_FILE = OpenCV_RealTimeTriangleDetection/Info.plist;
				LD_RUNPATH_SEARCH_PATHS = "$(inherited) @executable_path/Frameworks";
				PRODUCT_BUNDLE_IDENTIFIER = "fr.savaroche.kim.OpenCV-RealTimeTriangleDetection";
				PRODUCT_NAME = "$(TARGET_NAME)";
			};
			name = Release;
		};
		9546D756EB0CEA272B9D87CD /* Release */ = {
			isa = XCBuildConfiguration;
			buildSettings = {
				BUNDLE_LOADER = "$(BUILT_PRODUCTS_DIR)/OpenCV_RealTimeTriangleDetection.app/OpenCV_RealTimeTriangleDetection";
				FRAMEWORK_SEARCH_PATHS = (
					"$(inherited)",
					"$(PROJECT_DIR)",
				);
				INFOPLIST_FILE = OpenCV_RealTimeTriangleDetectionTests/Info.plist;
				LD_RUNPATH_SEARCH_PATHS = "$(inherited) @executable_path/Frameworks @loader_path/Frameworks";
				PRODUCT_BUNDLE_IDENTIFIER = "fr.savaroche.kim.OpenCV-RealTimeTriangleDetectionTests";
				PRODUCT_NAME = "$(TARGET_NAME)";
				TEST_HOST = "$(BUNDLE_LOADER)";
			};
			name = Release;
		};
/* End XCBuildConfiguration section */

/* Begin XCConfigurationList section */
		9546DE7B83D8B0BD94D42A51 /* Build configuration list for PBXProject "OpenCV_RealTimeTriangleDetection" */ = {
			isa = XCConfigurationList;
			buildConfigurations = (
				9546D04C55310518EFABD7C8 /* Debug */,
				9546D19A5517D34E5D89931A /* Release */,
			);
			defaultConfigurationIsVisible = 0;
			defaultConfigurationName = Release;
		};
		9546DEBD7CC5606FF1FCD7AA /* Build configuration list for PBXNativeTarget "OpenCV_RealTimeTriangleDetection" */ = {
			isa = XCConfigurationList;
			buildConfigurations = (
				9546D3B3BF61DA2F2A333767 /* Debug */,
				9546D6D2293F6A2D4412A8D1 /* Release */,
			);
			defaultConfigurationIsVisible = 0;
			defaultConfigurationName = Release;
		};
		9546DF82BB0F5B3FE09216D1 /* Build configuration list for PBXNativeTarget "OpenCV_RealTimeTriangleDetectionTests" */ = {
			isa = XCConfigurationList;
			buildConfigurations = (
				9546D694D3512A723F62DD66 /* Debug */,
				9546D756EB0CEA272B9D87CD /* Release */,
			);
			defaultConfigurationIsVisible = 0;
			defaultConfigurationName = Release;
		};
/* End XCConfigurationList section */
	};
	rootObject = 9546D459A0C85A8A8F29757D /* Project object */;
}
